
Microsoft Visual Studio Solution File, Format Version 12.00
# Visual Studio Version 17
VisualStudioVersion = 17.5.33530.505
MinimumVisualStudioVersion = 10.0.40219.1
Project("{FAE04EC0-301F-11D3-BF4B-00C04F79EFBC}") = "Challenge04_577669", "Challenge04_577669.csproj", "{AFC20049-29EC-4FCE-B0C1-C15E37738B2A}"
EndProject
Global
	GlobalSection(SolutionConfigurationPlatforms) = preSolution
		Debug|Any CPU = Debug|Any CPU
		Release|Any CPU = Release|Any CPU
	EndGlobalSection
	GlobalSection(ProjectConfigurationPlatforms) = postSolution
		{AFC20049-29EC-4FCE-B0C1-C15E37738B2A}.Debug|Any CPU.ActiveCfg = Debug|Any CPU
		{AFC20049-29EC-4FCE-B0C1-C15E37738B2A}.Debug|Any CPU.Build.0 = Debug|Any CPU
		{AFC20049-29EC-4FCE-B0C1-C15E37738B2A}.Release|Any CPU.ActiveCfg = Release|Any CPU
		{AFC20049-29EC-4FCE-B0C1-C15E37738B2A}.Release|Any CPU.Build.0 = Release|Any CPU
	EndGlobalSection
	GlobalSection(SolutionProperties) = preSolution
		HideSolutionNode = FALSE
	EndGlobalSection
	GlobalSection(ExtensibilityGlobals) = postSolution
		SolutionGuid = {FF71DBAF-AC40-4D09-A723-AA5741D95254}
	EndGlobalSection
EndGlobal
